
Microsoft Visual Studio Solution File, Format Version 12.00
# Visual Studio Version 17
VisualStudioVersion = 17.6.33829.357
MinimumVisualStudioVersion = 10.0.40219.1
Project("{FAE04EC0-301F-11D3-BF4B-00C04F79EFBC}") = "calculate average of values", "calculate average of values.csproj", "{71190C54-BBFA-48C7-9BF0-D86C211E6E24}"
EndProject
Global
	GlobalSection(SolutionConfigurationPlatforms) = preSolution
		Debug|Any CPU = Debug|Any CPU
		Release|Any CPU = Release|Any CPU
	EndGlobalSection
	GlobalSection(ProjectConfigurationPlatforms) = postSolution
		{71190C54-BBFA-48C7-9BF0-D86C211E6E24}.Debug|Any CPU.ActiveCfg = Debug|Any CPU
		{71190C54-BBFA-48C7-9BF0-D86C211E6E24}.Debug|Any CPU.Build.0 = Debug|Any CPU
		{71190C54-BBFA-48C7-9BF0-D86C211E6E24}.Release|Any CPU.ActiveCfg = Release|Any CPU
		{71190C54-BBFA-48C7-9BF0-D86C211E6E24}.Release|Any CPU.Build.0 = Release|Any CPU
	EndGlobalSection
	GlobalSection(SolutionProperties) = preSolution
		HideSolutionNode = FALSE
	EndGlobalSection
	GlobalSection(ExtensibilityGlobals) = postSolution
		SolutionGuid = {69CB9957-B8F8-4AEE-BA45-93AB42BBD63D}
	EndGlobalSection
EndGlobal
